
Microsoft Visual Studio Solution File, Format Version 12.00
# Visual Studio Version 17
VisualStudioVersion = 17.4.33122.133
MinimumVisualStudioVersion = 10.0.40219.1
Project("{9A19103F-16F7-4668-BE54-9A1E7A4F7556}") = "Gmtl.Components", "Gmtl.Components\Gmtl.Components.csproj", "{4F1D2456-F386-4B60-88CA-53E697EA284F}"
EndProject
Project("{9A19103F-16F7-4668-BE54-9A1E7A4F7556}") = "Gmtl.Components.Web", "Gmtl.Components.Web\Gmtl.Components.Web.csproj", "{FAAB416C-4F04-49ED-9215-04B179D6FE30}"
EndProject
Project("{FAE04EC0-301F-11D3-BF4B-00C04F79EFBC}") = "Gmtl.Components.Web.Tests", "Gmtl.Components.Web.Tests\Gmtl.Components.Web.Tests.csproj", "{DF62B7FC-1C38-4162-9359-B620D9DB2339}"
EndProject
Global
	GlobalSection(SolutionConfigurationPlatforms) = preSolution
		Debug|Any CPU = Debug|Any CPU
		Release|Any CPU = Release|Any CPU
	EndGlobalSection
	GlobalSection(ProjectConfigurationPlatforms) = postSolution
		{4F1D2456-F386-4B60-88CA-53E697EA284F}.Debug|Any CPU.ActiveCfg = Debug|Any CPU
		{4F1D2456-F386-4B60-88CA-53E697EA284F}.Debug|Any CPU.Build.0 = Debug|Any CPU
		{4F1D2456-F386-4B60-88CA-53E697EA284F}.Release|Any CPU.ActiveCfg = Release|Any CPU
		{4F1D2456-F386-4B60-88CA-53E697EA284F}.Release|Any CPU.Build.0 = Release|Any CPU
		{FAAB416C-4F04-49ED-9215-04B179D6FE30}.Debug|Any CPU.ActiveCfg = Debug|Any CPU
		{FAAB416C-4F04-49ED-9215-04B179D6FE30}.Debug|Any CPU.Build.0 = Debug|Any CPU
		{FAAB416C-4F04-49ED-9215-04B179D6FE30}.Release|Any CPU.ActiveCfg = Release|Any CPU
		{FAAB416C-4F04-49ED-9215-04B179D6FE30}.Release|Any CPU.Build.0 = Release|Any CPU
		{DF62B7FC-1C38-4162-9359-B620D9DB2339}.Debug|Any CPU.ActiveCfg = Debug|Any CPU
		{DF62B7FC-1C38-4162-9359-B620D9DB2339}.Debug|Any CPU.Build.0 = Debug|Any CPU
		{DF62B7FC-1C38-4162-9359-B620D9DB2339}.Release|Any CPU.ActiveCfg = Release|Any CPU
		{DF62B7FC-1C38-4162-9359-B620D9DB2339}.Release|Any CPU.Build.0 = Release|Any CPU
	EndGlobalSection
	GlobalSection(SolutionProperties) = preSolution
		HideSolutionNode = FALSE
	EndGlobalSection
	GlobalSection(ExtensibilityGlobals) = postSolution
		SolutionGuid = {928020DE-DBEE-4768-AD01-6E6D9B6FA055}
	EndGlobalSection
EndGlobal
